
Microsoft Visual Studio Solution File, Format Version 12.00
# Visual Studio Version 16
VisualStudioVersion = 16.0.30907.101
MinimumVisualStudioVersion = 10.0.40219.1
Project("{9A19103F-16F7-4668-BE54-9A1E7A4F7556}") = "Capture.NET", "Capture.NET\Capture.NET.csproj", "{F7D5011D-6299-4513-B73D-36B0EC579EAF}"
EndProject
Global
	GlobalSection(SolutionConfigurationPlatforms) = preSolution
		Debug|Any CPU = Debug|Any CPU
		Release|Any CPU = Release|Any CPU
	EndGlobalSection
	GlobalSection(ProjectConfigurationPlatforms) = postSolution
		{F7D5011D-6299-4513-B73D-36B0EC579EAF}.Debug|Any CPU.ActiveCfg = Debug|Any CPU
		{F7D5011D-6299-4513-B73D-36B0EC579EAF}.Debug|Any CPU.Build.0 = Debug|Any CPU
		{F7D5011D-6299-4513-B73D-36B0EC579EAF}.Release|Any CPU.ActiveCfg = Release|Any CPU
		{F7D5011D-6299-4513-B73D-36B0EC579EAF}.Release|Any CPU.Build.0 = Release|Any CPU
	EndGlobalSection
	GlobalSection(SolutionProperties) = preSolution
		HideSolutionNode = FALSE
	EndGlobalSection
	GlobalSection(ExtensibilityGlobals) = postSolution
		SolutionGuid = {933E9A8F-C472-45E1-9A27-EE83D8CF2C1F}
	EndGlobalSection
EndGlobal
